// !$*UTF8*$!
{
	archiveVersion = 1;
	classes = {
	};
	objectVersion = 56;
	objects = {

/* Begin PBXBuildFile section */
		CE1768502C6EA77500A8C845 /* ProfileHeaderView.swift in Sources */ = {isa = PBXBuildFile; fileRef = CE17684F2C6EA77500A8C845 /* ProfileHeaderView.swift */; };
		CE1768522C6EA78E00A8C845 /* ProfileViewController.swift in Sources */ = {isa = PBXBuildFile; fileRef = CE1768512C6EA78E00A8C845 /* ProfileViewController.swift */; };
		CE9ECF062CB2BC2200C732BD /* PostTableViewCell.swift in Sources */ = {isa = PBXBuildFile; fileRef = CE9ECF052CB2BC2200C732BD /* PostTableViewCell.swift */; };
		CEA099572CAF371C00869B12 /* Post.swift in Sources */ = {isa = PBXBuildFile; fileRef = CEA099562CAF371C00869B12 /* Post.swift */; };
		CEDD00892C6A9F980000C76C /* AppDelegate.swift in Sources */ = {isa = PBXBuildFile; fileRef = CEDD00882C6A9F980000C76C /* AppDelegate.swift */; };
		CEDD008B2C6A9F980000C76C /* SceneDelegate.swift in Sources */ = {isa = PBXBuildFile; fileRef = CEDD008A2C6A9F980000C76C /* SceneDelegate.swift */; };
		CEDD008D2C6A9F980000C76C /* ViewController.swift in Sources */ = {isa = PBXBuildFile; fileRef = CEDD008C2C6A9F980000C76C /* ViewController.swift */; };
		CEDD00922C6A9F9A0000C76C /* Assets.xcassets in Resources */ = {isa = PBXBuildFile; fileRef = CEDD00912C6A9F9A0000C76C /* Assets.xcassets */; };
		CEDD00952C6A9F9A0000C76C /* Base in Resources */ = {isa = PBXBuildFile; fileRef = CEDD00942C6A9F9A0000C76C /* Base */; };
		CEDD009D2C6AA5680000C76C /* FeedViewController.swift in Sources */ = {isa = PBXBuildFile; fileRef = CEDD009C2C6AA5680000C76C /* FeedViewController.swift */; };
		CEDD00A12C6AA5880000C76C /* PostViewController.swift in Sources */ = {isa = PBXBuildFile; fileRef = CEDD00A02C6AA5880000C76C /* PostViewController.swift */; };
		CEDD00A32C6AA5940000C76C /* InfoViewController.swift in Sources */ = {isa = PBXBuildFile; fileRef = CEDD00A22C6AA5940000C76C /* InfoViewController.swift */; };
		CEF298F92CACA5A00072E47F /* LogInViewController.swift in Sources */ = {isa = PBXBuildFile; fileRef = CEF298F82CACA5A00072E47F /* LogInViewController.swift */; };
/* End PBXBuildFile section */

/* Begin PBXFileReference section */
		CE17684F2C6EA77500A8C845 /* ProfileHeaderView.swift */ = {isa = PBXFileReference; lastKnownFileType = sourcecode.swift; path = ProfileHeaderView.swift; sourceTree = "<group>"; };
		CE1768512C6EA78E00A8C845 /* ProfileViewController.swift */ = {isa = PBXFileReference; lastKnownFileType = sourcecode.swift; path = ProfileViewController.swift; sourceTree = "<group>"; };
		CE9ECF052CB2BC2200C732BD /* PostTableViewCell.swift */ = {isa = PBXFileReference; lastKnownFileType = sourcecode.swift; path = PostTableViewCell.swift; sourceTree = "<group>"; };
		CEA099562CAF371C00869B12 /* Post.swift */ = {isa = PBXFileReference; lastKnownFileType = sourcecode.swift; path = Post.swift; sourceTree = "<group>"; };
		CEDD00852C6A9F980000C76C /* Navigation.app */ = {isa = PBXFileReference; explicitFileType = wrapper.application; includeInIndex = 0; path = Navigation.app; sourceTree = BUILT_PRODUCTS_DIR; };
		CEDD00882C6A9F980000C76C /* AppDelegate.swift */ = {isa = PBXFileReference; lastKnownFileType = sourcecode.swift; path = AppDelegate.swift; sourceTree = "<group>"; };
		CEDD008A2C6A9F980000C76C /* SceneDelegate.swift */ = {isa = PBXFileReference; lastKnownFileType = sourcecode.swift; path = SceneDelegate.swift; sourceTree = "<group>"; };
		CEDD008C2C6A9F980000C76C /* ViewController.swift */ = {isa = PBXFileReference; lastKnownFileType = sourcecode.swift; path = ViewController.swift; sourceTree = "<group>"; };
		CEDD00912C6A9F9A0000C76C /* Assets.xcassets */ = {isa = PBXFileReference; lastKnownFileType = folder.assetcatalog; path = Assets.xcassets; sourceTree = "<group>"; };
		CEDD00942C6A9F9A0000C76C /* Base */ = {isa = PBXFileReference; lastKnownFileType = file.storyboard; name = Base; path = Base.lproj/LaunchScreen.storyboard; sourceTree = "<group>"; };
		CEDD00962C6A9F9A0000C76C /* Info.plist */ = {isa = PBXFileReference; lastKnownFileType = text.plist.xml; path = Info.plist; sourceTree = "<group>"; };
		CEDD009C2C6AA5680000C76C /* FeedViewController.swift */ = {isa = PBXFileReference; lastKnownFileType = sourcecode.swift; path = FeedViewController.swift; sourceTree = "<group>"; };
		CEDD00A02C6AA5880000C76C /* PostViewController.swift */ = {isa = PBXFileReference; lastKnownFileType = sourcecode.swift; path = PostViewController.swift; sourceTree = "<group>"; };
		CEDD00A22C6AA5940000C76C /* InfoViewController.swift */ = {isa = PBXFileReference; lastKnownFileType = sourcecode.swift; path = InfoViewController.swift; sourceTree = "<group>"; };
		CEF298F82CACA5A00072E47F /* LogInViewController.swift */ = {isa = PBXFileReference; lastKnownFileType = sourcecode.swift; path = LogInViewController.swift; sourceTree = "<group>"; };
/* End PBXFileReference section */

/* Begin PBXFrameworksBuildPhase section */
		CEDD00822C6A9F980000C76C /* Frameworks */ = {
			isa = PBXFrameworksBuildPhase;
			buildActionMask = 2147483647;
			files = (
			);
			runOnlyForDeploymentPostprocessing = 0;
		};
/* End PBXFrameworksBuildPhase section */

/* Begin PBXGroup section */
		CE17684E2C6E918100A8C845 /* Profile */ = {
			isa = PBXGroup;
			children = (
				CEF298F82CACA5A00072E47F /* LogInViewController.swift */,
				CE17684F2C6EA77500A8C845 /* ProfileHeaderView.swift */,
				CE1768512C6EA78E00A8C845 /* ProfileViewController.swift */,
				CEA099562CAF371C00869B12 /* Post.swift */,
				CE9ECF052CB2BC2200C732BD /* PostTableViewCell.swift */,
			);
			path = Profile;
			sourceTree = "<group>";
		};
		CEDD007C2C6A9F980000C76C = {
			isa = PBXGroup;
			children = (
				CEDD00872C6A9F980000C76C /* Navigation */,
				CEDD00862C6A9F980000C76C /* Products */,
			);
			sourceTree = "<group>";
		};
		CEDD00862C6A9F980000C76C /* Products */ = {
			isa = PBXGroup;
			children = (
				CEDD00852C6A9F980000C76C /* Navigation.app */,
			);
			name = Products;
			sourceTree = "<group>";
		};
		CEDD00872C6A9F980000C76C /* Navigation */ = {
			isa = PBXGroup;
			children = (
				CE17684E2C6E918100A8C845 /* Profile */,
				CEDD00882C6A9F980000C76C /* AppDelegate.swift */,
				CEDD008A2C6A9F980000C76C /* SceneDelegate.swift */,
				CEDD008C2C6A9F980000C76C /* ViewController.swift */,
				CEDD00912C6A9F9A0000C76C /* Assets.xcassets */,
				CEDD00932C6A9F9A0000C76C /* LaunchScreen.storyboard */,
				CEDD00962C6A9F9A0000C76C /* Info.plist */,
				CEDD009C2C6AA5680000C76C /* FeedViewController.swift */,
				CEDD00A02C6AA5880000C76C /* PostViewController.swift */,
				CEDD00A22C6AA5940000C76C /* InfoViewController.swift */,
			);
			path = Navigation;
			sourceTree = "<group>";
		};
/* End PBXGroup section */

/* Begin PBXNativeTarget section */
		CEDD00842C6A9F980000C76C /* Navigation */ = {
			isa = PBXNativeTarget;
			buildConfigurationList = CEDD00992C6A9F9A0000C76C /* Build configuration list for PBXNativeTarget "Navigation" */;
			buildPhases = (
				CEDD00812C6A9F980000C76C /* Sources */,
				CEDD00822C6A9F980000C76C /* Frameworks */,
				CEDD00832C6A9F980000C76C /* Resources */,
			);
			buildRules = (
			);
			dependencies = (
			);
			name = Navigation;
			productName = Navigation;
			productReference = CEDD00852C6A9F980000C76C /* Navigation.app */;
			productType = "com.apple.product-type.application";
		};
/* End PBXNativeTarget section */

/* Begin PBXProject section */
		CEDD007D2C6A9F980000C76C /* Project object */ = {
			isa = PBXProject;
			attributes = {
				BuildIndependentTargetsInParallel = 1;
				LastSwiftUpdateCheck = 1540;
				LastUpgradeCheck = 1540;
				TargetAttributes = {
					CEDD00842C6A9F980000C76C = {
						CreatedOnToolsVersion = 15.4;
					};
				};
			};
			buildConfigurationList = CEDD00802C6A9F980000C76C /* Build configuration list for PBXProject "Navigation" */;
			compatibilityVersion = "Xcode 14.0";
			developmentRegion = en;
			hasScannedForEncodings = 0;
			knownRegions = (
				en,
				Base,
			);
			mainGroup = CEDD007C2C6A9F980000C76C;
			productRefGroup = CEDD00862C6A9F980000C76C /* Products */;
			projectDirPath = "";
			projectRoot = "";
			targets = (
				CEDD00842C6A9F980000C76C /* Navigation */,
			);
		};
/* End PBXProject section */

/* Begin PBXResourcesBuildPhase section */
		CEDD00832C6A9F980000C76C /* Resources */ = {
			isa = PBXResourcesBuildPhase;
			buildActionMask = 2147483647;
			files = (
				CEDD00922C6A9F9A0000C76C /* Assets.xcassets in Resources */,
				CEDD00952C6A9F9A0000C76C /* Base in Resources */,
			);
			runOnlyForDeploymentPostprocessing = 0;
		};
/* End PBXResourcesBuildPhase section */

/* Begin PBXSourcesBuildPhase section */
		CEDD00812C6A9F980000C76C /* Sources */ = {
			isa = PBXSourcesBuildPhase;
			buildActionMask = 2147483647;
			files = (
				CEDD00A12C6AA5880000C76C /* PostViewController.swift in Sources */,
				CEDD008D2C6A9F980000C76C /* ViewController.swift in Sources */,
				CEF298F92CACA5A00072E47F /* LogInViewController.swift in Sources */,
				CEDD00892C6A9F980000C76C /* AppDelegate.swift in Sources */,
				CEDD00A32C6AA5940000C76C /* InfoViewController.swift in Sources */,
				CEDD009D2C6AA5680000C76C /* FeedViewController.swift in Sources */,
				CE1768522C6EA78E00A8C845 /* ProfileViewController.swift in Sources */,
				CEDD008B2C6A9F980000C76C /* SceneDelegate.swift in Sources */,
				CE9ECF062CB2BC2200C732BD /* PostTableViewCell.swift in Sources */,
				CEA099572CAF371C00869B12 /* Post.swift in Sources */,
				CE1768502C6EA77500A8C845 /* ProfileHeaderView.swift in Sources */,
			);
			runOnlyForDeploymentPostprocessing = 0;
		};
/* End PBXSourcesBuildPhase section */

/* Begin PBXVariantGroup section */
		CEDD00932C6A9F9A0000C76C /* LaunchScreen.storyboard */ = {
			isa = PBXVariantGroup;
			children = (
				CEDD00942C6A9F9A0000C76C /* Base */,
			);
			name = LaunchScreen.storyboard;
			sourceTree = "<group>";
		};
/* End PBXVariantGroup section */

/* Begin XCBuildConfiguration section */
		CEDD00972C6A9F9A0000C76C /* Debug */ = {
			isa = XCBuildConfiguration;
			buildSettings = {
				ALWAYS_SEARCH_USER_PATHS = NO;
				ASSETCATALOG_COMPILER_GENERATE_SWIFT_ASSET_SYMBOL_EXTENSIONS = YES;
				CLANG_ANALYZER_NONNULL = YES;
				CLANG_ANALYZER_NUMBER_OBJECT_CONVERSION = YES_AGGRESSIVE;
				CLANG_CXX_LANGUAGE_STANDARD = "gnu++20";
				CLANG_ENABLE_MODULES = YES;
				CLANG_ENABLE_OBJC_ARC = YES;
				CLANG_ENABLE_OBJC_WEAK = YES;
				CLANG_WARN_BLOCK_CAPTURE_AUTORELEASING = YES;
				CLANG_WARN_BOOL_CONVERSION = YES;
				CLANG_WARN_COMMA = YES;
				CLANG_WARN_CONSTANT_CONVERSION = YES;
				CLANG_WARN_DEPRECATED_OBJC_IMPLEMENTATIONS = YES;
				CLANG_WARN_DIRECT_OBJC_ISA_USAGE = YES_ERROR;
				CLANG_WARN_DOCUMENTATION_COMMENTS = YES;
				CLANG_WARN_EMPTY_BODY = YES;
				CLANG_WARN_ENUM_CONVERSION = YES;
				CLANG_WARN_INFINITE_RECURSION = YES;
				CLANG_WARN_INT_CONVERSION = YES;
				CLANG_WARN_NON_LITERAL_NULL_CONVERSION = YES;
				CLANG_WARN_OBJC_IMPLICIT_RETAIN_SELF = YES;
				CLANG_WARN_OBJC_LITERAL_CONVERSION = YES;
				CLANG_WARN_OBJC_ROOT_CLASS = YES_ERROR;
				CLANG_WARN_QUOTED_INCLUDE_IN_FRAMEWORK_HEADER = YES;
				CLANG_WARN_RANGE_LOOP_ANALYSIS = YES;
				CLANG_WARN_STRICT_PROTOTYPES = YES;
				CLANG_WARN_SUSPICIOUS_MOVE = YES;
				CLANG_WARN_UNGUARDED_AVAILABILITY = YES_AGGRESSIVE;
				CLANG_WARN_UNREACHABLE_CODE = YES;
				CLANG_WARN__DUPLICATE_METHOD_MATCH = YES;
				COPY_PHASE_STRIP = NO;
				DEBUG_INFORMATION_FORMAT = dwarf;
				ENABLE_STRICT_OBJC_MSGSEND = YES;
				ENABLE_TESTABILITY = YES;
				ENABLE_USER_SCRIPT_SANDBOXING = YES;
				GCC_C_LANGUAGE_STANDARD = gnu17;
				GCC_DYNAMIC_NO_PIC = NO;
				GCC_NO_COMMON_BLOCKS = YES;
				GCC_OPTIMIZATION_LEVEL = 0;
				GCC_PREPROCESSOR_DEFINITIONS = (
					"DEBUG=1",
					"$(inherited)",
				);
				GCC_WARN_64_TO_32_BIT_CONVERSION = YES;
				GCC_WARN_ABOUT_RETURN_TYPE = YES_ERROR;
				GCC_WARN_UNDECLARED_SELECTOR = YES;
				GCC_WARN_UNINITIALIZED_AUTOS = YES_AGGRESSIVE;
				GCC_WARN_UNUSED_FUNCTION = YES;
				GCC_WARN_UNUSED_VARIABLE = YES;
				IPHONEOS_DEPLOYMENT_TARGET = 17.5;
				LOCALIZATION_PREFERS_STRING_CATALOGS = YES;
				MTL_ENABLE_DEBUG_INFO = INCLUDE_SOURCE;
				MTL_FAST_MATH = YES;
				ONLY_ACTIVE_ARCH = YES;
				SDKROOT = iphoneos;
				SWIFT_ACTIVE_COMPILATION_CONDITIONS = "DEBUG $(inherited)";
				SWIFT_OPTIMIZATION_LEVEL = "-Onone";
			};
			name = Debug;
		};
		CEDD00982C6A9F9A0000C76C /* Release */ = {
			isa = XCBuildConfiguration;
			buildSettings = {
				ALWAYS_SEARCH_USER_PATHS = NO;
				ASSETCATALOG_COMPILER_GENERATE_SWIFT_ASSET_SYMBOL_EXTENSIONS = YES;
				CLANG_ANALYZER_NONNULL = YES;
				CLANG_ANALYZER_NUMBER_OBJECT_CONVERSION = YES_AGGRESSIVE;
				CLANG_CXX_LANGUAGE_STANDARD = "gnu++20";
				CLANG_ENABLE_MODULES = YES;
				CLANG_ENABLE_OBJC_ARC = YES;
				CLANG_ENABLE_OBJC_WEAK = YES;
				CLANG_WARN_BLOCK_CAPTURE_AUTORELEASING = YES;
				CLANG_WARN_BOOL_CONVERSION = YES;
				CLANG_WARN_COMMA = YES;
				CLANG_WARN_CONSTANT_CONVERSION = YES;
				CLANG_WARN_DEPRECATED_OBJC_IMPLEMENTATIONS = YES;
				CLANG_WARN_DIRECT_OBJC_ISA_USAGE = YES_ERROR;
				CLANG_WARN_DOCUMENTATION_COMMENTS = YES;
				CLANG_WARN_EMPTY_BODY = YES;
				CLANG_WARN_ENUM_CONVERSION = YES;
				CLANG_WARN_INFINITE_RECURSION = YES;
				CLANG_WARN_INT_CONVERSION = YES;
				CLANG_WARN_NON_LITERAL_NULL_CONVERSION = YES;
				CLANG_WARN_OBJC_IMPLICIT_RETAIN_SELF = YES;
				CLANG_WARN_OBJC_LITERAL_CONVERSION = YES;
				CLANG_WARN_OBJC_ROOT_CLASS = YES_ERROR;
				CLANG_WARN_QUOTED_INCLUDE_IN_FRAMEWORK_HEADER = YES;
				CLANG_WARN_RANGE_LOOP_ANALYSIS = YES;
				CLANG_WARN_STRICT_PROTOTYPES = YES;
				CLANG_WARN_SUSPICIOUS_MOVE = YES;
				CLANG_WARN_UNGUARDED_AVAILABILITY = YES_AGGRESSIVE;
				CLANG_WARN_UNREACHABLE_CODE = YES;
				CLANG_WARN__DUPLICATE_METHOD_MATCH = YES;
				COPY_PHASE_STRIP = NO;
				DEBUG_INFORMATION_FORMAT = "dwarf-with-dsym";
				ENABLE_NS_ASSERTIONS = NO;
				ENABLE_STRICT_OBJC_MSGSEND = YES;
				ENABLE_USER_SCRIPT_SANDBOXING = YES;
				GCC_C_LANGUAGE_STANDARD = gnu17;
				GCC_NO_COMMON_BLOCKS = YES;
				GCC_WARN_64_TO_32_BIT_CONVERSION = YES;
				GCC_WARN_ABOUT_RETURN_TYPE = YES_ERROR;
				GCC_WARN_UNDECLARED_SELECTOR = YES;
				GCC_WARN_UNINITIALIZED_AUTOS = YES_AGGRESSIVE;
				GCC_WARN_UNUSED_FUNCTION = YES;
				GCC_WARN_UNUSED_VARIABLE = YES;
				IPHONEOS_DEPLOYMENT_TARGET = 17.5;
				LOCALIZATION_PREFERS_STRING_CATALOGS = YES;
				MTL_ENABLE_DEBUG_INFO = NO;
				MTL_FAST_MATH = YES;
				SDKROOT = iphoneos;
				SWIFT_COMPILATION_MODE = wholemodule;
				VALIDATE_PRODUCT = YES;
			};
			name = Release;
		};
		CEDD009A2C6A9F9A0000C76C /* Debug */ = {
			isa = XCBuildConfiguration;
			buildSettings = {
				ASSETCATALOG_COMPILER_APPICON_NAME = AppIcon;
				ASSETCATALOG_COMPILER_GLOBAL_ACCENT_COLOR_NAME = AccentColor;
				CODE_SIGN_STYLE = Automatic;
				CURRENT_PROJECT_VERSION = 1;
				GENERATE_INFOPLIST_FILE = YES;
				INFOPLIST_FILE = Navigation/Info.plist;
				INFOPLIST_KEY_UIApplicationSupportsIndirectInputEvents = YES;
				INFOPLIST_KEY_UILaunchStoryboardName = LaunchScreen;
				INFOPLIST_KEY_UISupportedInterfaceOrientations_iPad = "UIInterfaceOrientationPortrait UIInterfaceOrientationPortraitUpsideDown UIInterfaceOrientationLandscapeLeft UIInterfaceOrientationLandscapeRight";
				INFOPLIST_KEY_UISupportedInterfaceOrientations_iPhone = "UIInterfaceOrientationPortrait UIInterfaceOrientationLandscapeLeft UIInterfaceOrientationLandscapeRight";
				LD_RUNPATH_SEARCH_PATHS = (
					"$(inherited)",
					"@executable_path/Frameworks",
				);
				MARKETING_VERSION = 1.0;
				PRODUCT_BUNDLE_IDENTIFIER = com.exercise.Navigation;
				PRODUCT_NAME = "$(TARGET_NAME)";
				SWIFT_EMIT_LOC_STRINGS = YES;
				SWIFT_VERSION = 5.0;
				TARGETED_DEVICE_FAMILY = "1,2";
			};
			name = Debug;
		};
		CEDD009B2C6A9F9A0000C76C /* Release */ = {
			isa = XCBuildConfiguration;
			buildSettings = {
				ASSETCATALOG_COMPILER_APPICON_NAME = AppIcon;
				ASSETCATALOG_COMPILER_GLOBAL_ACCENT_COLOR_NAME = AccentColor;
				CODE_SIGN_STYLE = Automatic;
				CURRENT_PROJECT_VERSION = 1;
				GENERATE_INFOPLIST_FILE = YES;
				INFOPLIST_FILE = Navigation/Info.plist;
				INFOPLIST_KEY_UIApplicationSupportsIndirectInputEvents = YES;
				INFOPLIST_KEY_UILaunchStoryboardName = LaunchScreen;
				INFOPLIST_KEY_UISupportedInterfaceOrientations_iPad = "UIInterfaceOrientationPortrait UIInterfaceOrientationPortraitUpsideDown UIInterfaceOrientationLandscapeLeft UIInterfaceOrientationLandscapeRight";
				INFOPLIST_KEY_UISupportedInterfaceOrientations_iPhone = "UIInterfaceOrientationPortrait UIInterfaceOrientationLandscapeLeft UIInterfaceOrientationLandscapeRight";
				LD_RUNPATH_SEARCH_PATHS = (
					"$(inherited)",
					"@executable_path/Frameworks",
				);
				MARKETING_VERSION = 1.0;
				PRODUCT_BUNDLE_IDENTIFIER = com.exercise.Navigation;
				PRODUCT_NAME = "$(TARGET_NAME)";
				SWIFT_EMIT_LOC_STRINGS = YES;
				SWIFT_VERSION = 5.0;
				TARGETED_DEVICE_FAMILY = "1,2";
			};
			name = Release;
		};
/* End XCBuildConfiguration section */

/* Begin XCConfigurationList section */
		CEDD00802C6A9F980000C76C /* Build configuration list for PBXProject "Navigation" */ = {
			isa = XCConfigurationList;
			buildConfigurations = (
				CEDD00972C6A9F9A0000C76C /* Debug */,
				CEDD00982C6A9F9A0000C76C /* Release */,
			);
			defaultConfigurationIsVisible = 0;
			defaultConfigurationName = Release;
		};
		CEDD00992C6A9F9A0000C76C /* Build configuration list for PBXNativeTarget "Navigation" */ = {
			isa = XCConfigurationList;
			buildConfigurations = (
				CEDD009A2C6A9F9A0000C76C /* Debug */,
				CEDD009B2C6A9F9A0000C76C /* Release */,
			);
			defaultConfigurationIsVisible = 0;
			defaultConfigurationName = Release;
		};
/* End XCConfigurationList section */
	};
	rootObject = CEDD007D2C6A9F980000C76C /* Project object */;
}
